
Microsoft Visual Studio Solution File, Format Version 12.00
# Visual Studio Version 17
VisualStudioVersion = 17.7.34031.279
MinimumVisualStudioVersion = 10.0.40219.1
Project("{2150E333-8FDC-42A3-9474-1A3956D46DE8}") = "17 uzduotis", "17 uzduotis", "{2827A761-1101-4240-A649-CDAA8C190B8E}"
EndProject
Project("{2150E333-8FDC-42A3-9474-1A3956D46DE8}") = "18 uzduotis", "18 uzduotis", "{A3251200-D252-4F4D-8BD6-B2B6C52226F2}"
EndProject
Project("{FAE04EC0-301F-11D3-BF4B-00C04F79EFBC}") = "18_uzduotis", "18_uzduotis\18_uzduotis.csproj", "{0F603960-2FDF-42AB-9308-A1E98A510B97}"
EndProject
Global
	GlobalSection(SolutionConfigurationPlatforms) = preSolution
		Debug|Any CPU = Debug|Any CPU
		Release|Any CPU = Release|Any CPU
	EndGlobalSection
	GlobalSection(ProjectConfigurationPlatforms) = postSolution
		{0F603960-2FDF-42AB-9308-A1E98A510B97}.Debug|Any CPU.ActiveCfg = Debug|Any CPU
		{0F603960-2FDF-42AB-9308-A1E98A510B97}.Debug|Any CPU.Build.0 = Debug|Any CPU
		{0F603960-2FDF-42AB-9308-A1E98A510B97}.Release|Any CPU.ActiveCfg = Release|Any CPU
		{0F603960-2FDF-42AB-9308-A1E98A510B97}.Release|Any CPU.Build.0 = Release|Any CPU
	EndGlobalSection
	GlobalSection(SolutionProperties) = preSolution
		HideSolutionNode = FALSE
	EndGlobalSection
	GlobalSection(NestedProjects) = preSolution
		{0F603960-2FDF-42AB-9308-A1E98A510B97} = {A3251200-D252-4F4D-8BD6-B2B6C52226F2}
	EndGlobalSection
	GlobalSection(ExtensibilityGlobals) = postSolution
		SolutionGuid = {AF72F83E-C035-409F-9BE0-8124112A26D3}
	EndGlobalSection
EndGlobal
